<?xml version="1.0" encoding="utf-8"?>
<Project ToolsVersion="4.0" xmlns="http://schemas.microsoft.com/developer/msbuild/2003">
  <ItemGroup>
    <Filter Include="source">
      <UniqueIdentifier>{747bffbf-2bdf-4201-93b6-cea48fee0d4e}</UniqueIdentifier>
      <Extensions>cpp;c;cxx;def;odl;idl;hpj;bat;asm</Extensions>
    </Filter>
    <Filter Include="include">
      <UniqueIdentifier>{2990d56f-3fea-485c-8cd3-81413fdc8714}</UniqueIdentifier>
      <Extensions>h;hpp;hxx;hm;inl;inc</Extensions>
    </Filter>
    <Filter Include="resource">
      <UniqueIdentifier>{b9b8adbb-3a7f-4be0-85f9-29dc19dafe81}</UniqueIdentifier>
      <Extensions>rc;ico;cur;bmp;dlg;rc2;rct;bin;rgs;jpg;jpeg;jpe;png;manifest</Extensions>
    </Filter>
  </ItemGroup>
  <ItemGroup>
    <None Include="res\Tetris_test3.ico">
      <Filter>resource</Filter>
    </None>
    <None Include="..\Resources\blue.png">
      <Filter>resource</Filter>
    </None>
    <None Include="..\Resources\down.png">
      <Filter>resource</Filter>
    </None>
    <None Include="..\Resources\left.png">
      <Filter>resource</Filter>
    </None>
    <None Include="..\Resources\right.png">
      <Filter>resource</Filter>
    </None>
    <None Include="..\Resources\MainMenu.png">
      <Filter>resource</Filter>
    </None>
    <None Include="..\Resources\tertrios_game_big_box.png">
      <Filter>resource</Filter>
    </None>
  </ItemGroup>
  <ItemGroup>
    <ResourceCompile Include="Tetris_test3.rc">
      <Filter>resource</Filter>
    </ResourceCompile>
  </ItemGroup>
  <ItemGroup>
    <ClInclude Include="resource.h">
      <Filter>include</Filter>
    </ClInclude>
    <ClInclude Include="main.h">
      <Filter>include</Filter>
    </ClInclude>
    <ClInclude Include="..\Classes\AppDelegate.h">
      <Filter>include</Filter>
    </ClInclude>
    <ClInclude Include="..\Classes\HelloWorldScene.h">
      <Filter>include</Filter>
    </ClInclude>
    <ClInclude Include="..\Classes\Config.h">
      <Filter>include</Filter>
    </ClInclude>
    <ClInclude Include="..\Classes\TetrisBlock.h">
      <Filter>include</Filter>
    </ClInclude>
    <ClInclude Include="..\Classes\TetrisDataHandle.h">
      <Filter>include</Filter>
    </ClInclude>
    <ClInclude Include="..\Classes\TetrisGameLayer.h">
      <Filter>include</Filter>
    </ClInclude>
    <ClInclude Include="..\Classes\TetrisBlockType.h">
      <Filter>include</Filter>
    </ClInclude>
    <ClInclude Include="..\Classes\I_TetrisBlockType.h">
      <Filter>include</Filter>
    </ClInclude>
    <ClInclude Include="..\Classes\P_TetrisBlockType.h">
      <Filter>include</Filter>
    </ClInclude>
    <ClInclude Include="..\Classes\L_TetrisBlockType.h">
      <Filter>include</Filter>
    </ClInclude>
    <ClInclude Include="..\Classes\T_TetrisBlockType.h">
      <Filter>include</Filter>
    </ClInclude>
    <ClInclude Include="..\Classes\Z_TetrisBlockType.h">
      <Filter>include</Filter>
    </ClInclude>
    <ClInclude Include="..\Classes\S_TetrisBlockType.h">
      <Filter>include</Filter>
    </ClInclude>
    <ClInclude Include="..\Classes\O_TetrisBlockType.h">
      <Filter>include</Filter>
    </ClInclude>
    <ClInclude Include="..\Classes\CodeConvert.h">
      <Filter>include</Filter>
    </ClInclude>
    <ClInclude Include="..\Classes\GameOverLayer.h">
      <Filter>include</Filter>
    </ClInclude>
  </ItemGroup>
  <ItemGroup>
    <ClCompile Include="main.cpp">
      <Filter>source</Filter>
    </ClCompile>
    <ClCompile Include="..\Classes\AppDelegate.cpp">
      <Filter>source</Filter>
    </ClCompile>
    <ClCompile Include="..\Classes\HelloWorldScene.cpp">
      <Filter>source</Filter>
    </ClCompile>
    <ClCompile Include="..\Classes\TetrisBlockType.cpp">
      <Filter>source</Filter>
    </ClCompile>
    <ClCompile Include="..\Classes\TetrisBlock.cpp">
      <Filter>source</Filter>
    </ClCompile>
    <ClCompile Include="..\Classes\TetrisDataHandle.cpp">
      <Filter>source</Filter>
    </ClCompile>
    <ClCompile Include="..\Classes\TetrisGameLayer.cpp">
      <Filter>source</Filter>
    </ClCompile>
    <ClCompile Include="..\Classes\I_TetrisBlockType.cpp">
      <Filter>source</Filter>
    </ClCompile>
    <ClCompile Include="..\Classes\P_TetrisBlockType.cpp">
      <Filter>source</Filter>
    </ClCompile>
    <ClCompile Include="..\Classes\L_TetrisBlockType.cpp">
      <Filter>source</Filter>
    </ClCompile>
    <ClCompile Include="..\Classes\T_TetrisBlockType.cpp">
      <Filter>source</Filter>
    </ClCompile>
    <ClCompile Include="..\Classes\Z_TetrisBlockType.cpp">
      <Filter>source</Filter>
    </ClCompile>
    <ClCompile Include="..\Classes\S_TetrisBlockType.cpp">
      <Filter>source</Filter>
    </ClCompile>
    <ClCompile Include="..\Classes\O_TetrisBlockType.cpp">
      <Filter>source</Filter>
    </ClCompile>
    <ClCompile Include="..\Classes\CodeConvert.cpp">
      <Filter>source</Filter>
    </ClCompile>
    <ClCompile Include="..\Classes\GameOverLayer.cpp">
      <Filter>source</Filter>
    </ClCompile>
  </ItemGroup>
</Project>